
Microsoft Visual Studio Solution File, Format Version 12.00
# Visual Studio Version 17
VisualStudioVersion = 17.8.34330.188
MinimumVisualStudioVersion = 10.0.40219.1
Project("{FAE04EC0-301F-11D3-BF4B-00C04F79EFBC}") = "ReastaurantAPI", "ReastaurantAPI.csproj", "{AF4CA3D3-4480-452E-8625-1B94ECAC48B4}"
EndProject
Global
	GlobalSection(SolutionConfigurationPlatforms) = preSolution
		Debug|Any CPU = Debug|Any CPU
		Release|Any CPU = Release|Any CPU
	EndGlobalSection
	GlobalSection(ProjectConfigurationPlatforms) = postSolution
		{AF4CA3D3-4480-452E-8625-1B94ECAC48B4}.Debug|Any CPU.ActiveCfg = Debug|Any CPU
		{AF4CA3D3-4480-452E-8625-1B94ECAC48B4}.Debug|Any CPU.Build.0 = Debug|Any CPU
		{AF4CA3D3-4480-452E-8625-1B94ECAC48B4}.Release|Any CPU.ActiveCfg = Release|Any CPU
		{AF4CA3D3-4480-452E-8625-1B94ECAC48B4}.Release|Any CPU.Build.0 = Release|Any CPU
	EndGlobalSection
	GlobalSection(SolutionProperties) = preSolution
		HideSolutionNode = FALSE
	EndGlobalSection
	GlobalSection(ExtensibilityGlobals) = postSolution
		SolutionGuid = {AD97AB81-8EA6-4E0B-BE4B-7FB00F7CB5F1}
	EndGlobalSection
EndGlobal
